
Microsoft Visual Studio Solution File, Format Version 12.00
Project("{2150E333-8FDC-42A3-9474-1A3956D46DE8}") = "src", "src", "{BC30CB31-4335-4BA2-82B0-5E68D81E00A4}"
EndProject
Project("{2150E333-8FDC-42A3-9474-1A3956D46DE8}") = "BuildingBlocks", "BuildingBlocks", "{40ACF19C-E86C-488D-820A-8FD927F677F5}"
EndProject
Project("{FAE04EC0-301F-11D3-BF4B-00C04F79EFBC}") = "EventBus", "EventBus\EventBus.csproj", "{A691DE23-7D72-4606-8889-19622619A171}"
EndProject
Project("{FAE04EC0-301F-11D3-BF4B-00C04F79EFBC}") = "EventBusRabbitMQ", "EventBusRabbitMQ\EventBusRabbitMQ.csproj", "{09D6EEA7-E246-434E-9D16-A1550322C48D}"
EndProject
Project("{2150E333-8FDC-42A3-9474-1A3956D46DE8}") = "Services", "Services", "{424A9DD2-A621-4C38-80C0-5E5935DC1BAD}"
EndProject
Project("{FAE04EC0-301F-11D3-BF4B-00C04F79EFBC}") = "Ordering.Domain", "Ordering.Domain\Ordering.Domain.csproj", "{D1473E2E-6FD4-4803-990E-25A972D90A0B}"
EndProject
Project("{FAE04EC0-301F-11D3-BF4B-00C04F79EFBC}") = "Ordering.API", "Ordering.API\Ordering.API.csproj", "{1E72EE93-4752-4CB8-B71F-FE38128C8FD5}"
EndProject
Project("{FAE04EC0-301F-11D3-BF4B-00C04F79EFBC}") = "Ordering.Infrastructure", "Ordering.Infrastructure\Ordering.Infrastructure.csproj", "{2BBB0441-4927-4017-AD22-DC21579447CF}"
EndProject
Project("{2150E333-8FDC-42A3-9474-1A3956D46DE8}") = "Ordering", "Ordering", "{7C8ED26D-DD0C-4B41-9D61-3E429C24CAB9}"
EndProject
Project("{2150E333-8FDC-42A3-9474-1A3956D46DE8}") = "Payment", "Payment", "{CFB6BD7E-428B-45EB-B37B-DDA6B80A927F}"
EndProject
Project("{FAE04EC0-301F-11D3-BF4B-00C04F79EFBC}") = "Payment.API", "Payment.API\Payment.API.csproj", "{F89D88BA-4D2C-4F0E-8FA3-1DDC289A7E0D}"
EndProject
Project("{2150E333-8FDC-42A3-9474-1A3956D46DE8}") = "Mail", "Mail", "{D24A76BC-1ED9-459B-B8C2-CBCD4B7ADFA2}"
EndProject
Project("{FAE04EC0-301F-11D3-BF4B-00C04F79EFBC}") = "Mail.API", "Mail.API\Mail.API.csproj", "{F9C559DA-A990-4ACB-AEAB-DE1E11F26EDA}"
EndProject
Global
	GlobalSection(SolutionConfigurationPlatforms) = preSolution
		Debug|Any CPU = Debug|Any CPU
		Release|Any CPU = Release|Any CPU
	EndGlobalSection
	GlobalSection(NestedProjects) = preSolution
		{40ACF19C-E86C-488D-820A-8FD927F677F5} = {BC30CB31-4335-4BA2-82B0-5E68D81E00A4}
		{A691DE23-7D72-4606-8889-19622619A171} = {40ACF19C-E86C-488D-820A-8FD927F677F5}
		{09D6EEA7-E246-434E-9D16-A1550322C48D} = {40ACF19C-E86C-488D-820A-8FD927F677F5}
		{424A9DD2-A621-4C38-80C0-5E5935DC1BAD} = {BC30CB31-4335-4BA2-82B0-5E68D81E00A4}
		{7C8ED26D-DD0C-4B41-9D61-3E429C24CAB9} = {424A9DD2-A621-4C38-80C0-5E5935DC1BAD}
		{1E72EE93-4752-4CB8-B71F-FE38128C8FD5} = {7C8ED26D-DD0C-4B41-9D61-3E429C24CAB9}
		{D1473E2E-6FD4-4803-990E-25A972D90A0B} = {7C8ED26D-DD0C-4B41-9D61-3E429C24CAB9}
		{2BBB0441-4927-4017-AD22-DC21579447CF} = {7C8ED26D-DD0C-4B41-9D61-3E429C24CAB9}
		{CFB6BD7E-428B-45EB-B37B-DDA6B80A927F} = {424A9DD2-A621-4C38-80C0-5E5935DC1BAD}
		{F89D88BA-4D2C-4F0E-8FA3-1DDC289A7E0D} = {CFB6BD7E-428B-45EB-B37B-DDA6B80A927F}
		{D24A76BC-1ED9-459B-B8C2-CBCD4B7ADFA2} = {424A9DD2-A621-4C38-80C0-5E5935DC1BAD}
		{F9C559DA-A990-4ACB-AEAB-DE1E11F26EDA} = {D24A76BC-1ED9-459B-B8C2-CBCD4B7ADFA2}
	EndGlobalSection
	GlobalSection(ProjectConfigurationPlatforms) = postSolution
		{A691DE23-7D72-4606-8889-19622619A171}.Debug|Any CPU.ActiveCfg = Debug|Any CPU
		{A691DE23-7D72-4606-8889-19622619A171}.Debug|Any CPU.Build.0 = Debug|Any CPU
		{A691DE23-7D72-4606-8889-19622619A171}.Release|Any CPU.ActiveCfg = Release|Any CPU
		{A691DE23-7D72-4606-8889-19622619A171}.Release|Any CPU.Build.0 = Release|Any CPU
		{09D6EEA7-E246-434E-9D16-A1550322C48D}.Debug|Any CPU.ActiveCfg = Debug|Any CPU
		{09D6EEA7-E246-434E-9D16-A1550322C48D}.Debug|Any CPU.Build.0 = Debug|Any CPU
		{09D6EEA7-E246-434E-9D16-A1550322C48D}.Release|Any CPU.ActiveCfg = Release|Any CPU
		{09D6EEA7-E246-434E-9D16-A1550322C48D}.Release|Any CPU.Build.0 = Release|Any CPU
		{D1473E2E-6FD4-4803-990E-25A972D90A0B}.Debug|Any CPU.ActiveCfg = Debug|Any CPU
		{D1473E2E-6FD4-4803-990E-25A972D90A0B}.Debug|Any CPU.Build.0 = Debug|Any CPU
		{D1473E2E-6FD4-4803-990E-25A972D90A0B}.Release|Any CPU.ActiveCfg = Release|Any CPU
		{D1473E2E-6FD4-4803-990E-25A972D90A0B}.Release|Any CPU.Build.0 = Release|Any CPU
		{1E72EE93-4752-4CB8-B71F-FE38128C8FD5}.Debug|Any CPU.ActiveCfg = Debug|Any CPU
		{1E72EE93-4752-4CB8-B71F-FE38128C8FD5}.Debug|Any CPU.Build.0 = Debug|Any CPU
		{1E72EE93-4752-4CB8-B71F-FE38128C8FD5}.Release|Any CPU.ActiveCfg = Release|Any CPU
		{1E72EE93-4752-4CB8-B71F-FE38128C8FD5}.Release|Any CPU.Build.0 = Release|Any CPU
		{2BBB0441-4927-4017-AD22-DC21579447CF}.Debug|Any CPU.ActiveCfg = Debug|Any CPU
		{2BBB0441-4927-4017-AD22-DC21579447CF}.Debug|Any CPU.Build.0 = Debug|Any CPU
		{2BBB0441-4927-4017-AD22-DC21579447CF}.Release|Any CPU.ActiveCfg = Release|Any CPU
		{2BBB0441-4927-4017-AD22-DC21579447CF}.Release|Any CPU.Build.0 = Release|Any CPU
		{F89D88BA-4D2C-4F0E-8FA3-1DDC289A7E0D}.Debug|Any CPU.ActiveCfg = Debug|Any CPU
		{F89D88BA-4D2C-4F0E-8FA3-1DDC289A7E0D}.Debug|Any CPU.Build.0 = Debug|Any CPU
		{F89D88BA-4D2C-4F0E-8FA3-1DDC289A7E0D}.Release|Any CPU.ActiveCfg = Release|Any CPU
		{F89D88BA-4D2C-4F0E-8FA3-1DDC289A7E0D}.Release|Any CPU.Build.0 = Release|Any CPU
		{F9C559DA-A990-4ACB-AEAB-DE1E11F26EDA}.Debug|Any CPU.ActiveCfg = Debug|Any CPU
		{F9C559DA-A990-4ACB-AEAB-DE1E11F26EDA}.Debug|Any CPU.Build.0 = Debug|Any CPU
		{F9C559DA-A990-4ACB-AEAB-DE1E11F26EDA}.Release|Any CPU.ActiveCfg = Release|Any CPU
		{F9C559DA-A990-4ACB-AEAB-DE1E11F26EDA}.Release|Any CPU.Build.0 = Release|Any CPU
	EndGlobalSection
EndGlobal
